{
  "R": {
    "Version": "4.5.0",
    "Repositories": [
      {
        "Name": "CRAN",
        "URL": "https://cloud.r-project.org"
      }
    ]
  },
  "Packages": {
    "DBI": {
      "Package": "DBI",
      "Version": "1.3.0",
      "Source": "Repository",
      "Title": "R Database Interface",
      "Date": "2026-02-11",
      "Authors@R": "c( person(\"R Special Interest Group on Databases (R-SIG-DB)\", role = \"aut\"), person(\"Hadley\", \"Wickham\", role = \"aut\"), person(\"Kirill\", \"M\u00fcller\", , \"kirill@cynkra.com\", role = c(\"aut\", \"cre\"), comment = c(ORCID = \"0000-0002-1416-3412\")), person(\"R Consortium\", role = \"fnd\") )",
      "Description": "A database interface definition for communication between R and relational database management systems.  All classes in this package are virtual and need to be extended by the various R/DBMS implementations.",
      "License": "LGPL (>= 2.1)",
      "URL": "https://dbi.r-dbi.org, https://github.com/r-dbi/DBI",
      "BugReports": "https://github.com/r-dbi/DBI/issues",
      "Depends": [
        "methods",
        "R (>= 3.0.0)"
      ],
      "Suggests": [
        "arrow",
        "blob",
        "callr",
        "covr",
        "DBItest (>= 1.8.2)",
        "dbplyr",
        "downlit",
        "dplyr",
        "glue",
        "hms",
        "knitr",
        "magrittr",
        "nanoarrow (>= 0.3.0.1)",
        "otel",
        "otelsdk",
        "RMariaDB",
        "rmarkdown",
        "rprojroot",
        "RSQLite (>= 1.1-2)",
        "testthat (>= 3.0.0)",
        "vctrs",
        "xml2"
      ],
      "VignetteBuilder": "knitr",
      "Config/autostyle/scope": "line_breaks",
      "Config/autostyle/strict": "false",
      "Config/Needs/check": "r-dbi/DBItest",
      "Config/Needs/website": "r-dbi/DBItest, r-dbi/dbitemplate, adbi, AzureKusto, bigrquery, DatabaseConnector, dittodb, duckdb, implyr, lazysf, odbc, pool, RAthena, IMSMWU/RClickhouse, RH2, RJDBC, RMariaDB, RMySQL, RPostgres, RPostgreSQL, RPresto, RSQLite, sergeant, sparklyr, withr",
      "Config/testthat/edition": "3",
      "Encoding": "UTF-8",
      "RoxygenNote": "7.3.3.9000",
      "NeedsCompilation": "no",
      "Author": "R Special Interest Group on Databases (R-SIG-DB) [aut], Hadley Wickham [aut], Kirill M\u00fcller [aut, cre] (ORCID: <https://orcid.org/0000-0002-1416-3412>), R Consortium [fnd]",
      "Maintainer": "Kirill M\u00fcller <kirill@cynkra.com>",
      "Repository": "CRAN"
    },
    "MASS": {
      "Package": "MASS",
      "Version": "7.3-65",
      "Source": "Repository",
      "Priority": "recommended",
      "Date": "2025-02-19",
      "Revision": "$Rev: 3681 $",
      "Depends": [
        "R (>= 4.4.0)",
        "grDevices",
        "graphics",
        "stats",
        "utils"
      ],
      "Imports": [
        "methods"
      ],
      "Suggests": [
        "lattice",
        "nlme",
        "nnet",
        "survival"
      ],
      "Authors@R": "c(person(\"Brian\", \"Ripley\", role = c(\"aut\", \"cre\", \"cph\"), email = \"Brian.Ripley@R-project.org\"), person(\"Bill\", \"Venables\", role = c(\"aut\", \"cph\")), person(c(\"Douglas\", \"M.\"), \"Bates\", role = \"ctb\"), person(\"Kurt\", \"Hornik\", role = \"trl\", comment = \"partial port ca 1998\"), person(\"Albrecht\", \"Gebhardt\", role = \"trl\", comment = \"partial port ca 1998\"), person(\"David\", \"Firth\", role = \"ctb\", comment = \"support functions for polr\"))",
      "Description": "Functions and datasets to support Venables and Ripley, \"Modern Applied Statistics with S\" (4th edition, 2002).",
      "Title": "Support Functions and Datasets for Venables and Ripley's MASS",
      "LazyData": "yes",
      "ByteCompile": "yes",
      "License": "GPL-2 | GPL-3",
      "URL": "http://www.stats.ox.ac.uk/pub/MASS4/",
      "Contact": "<MASS@stats.ox.ac.uk>",
      "NeedsCompilation": "yes",
      "Author": "Brian Ripley [aut, cre, cph], Bill Venables [aut, cph], Douglas M. Bates [ctb], Kurt Hornik [trl] (partial port ca 1998), Albrecht Gebhardt [trl] (partial port ca 1998), David Firth [ctb] (support functions for polr)",
      "Maintainer": "Brian Ripley <Brian.Ripley@R-project.org>",
      "Repository": "CRAN"
    },
    "Matrix": {
      "Package": "Matrix",
      "Version": "1.7-3",
      "Source": "Repository",
      "VersionNote": "do also bump src/version.h, inst/include/Matrix/version.h",
      "Date": "2025-03-05",
      "Priority": "recommended",
      "Title": "Sparse and Dense Matrix Classes and Methods",
      "Description": "A rich hierarchy of sparse and dense matrix classes, including general, symmetric, triangular, and diagonal matrices with numeric, logical, or pattern entries.  Efficient methods for operating on such matrices, often wrapping the 'BLAS', 'LAPACK', and 'SuiteSparse' libraries.",
      "License": "GPL (>= 2) | file LICENCE",
      "URL": "https://Matrix.R-forge.R-project.org",
      "BugReports": "https://R-forge.R-project.org/tracker/?atid=294&group_id=61",
      "Contact": "Matrix-authors@R-project.org",
      "Authors@R": "c(person(\"Douglas\", \"Bates\", role = \"aut\", comment = c(ORCID = \"0000-0001-8316-9503\")), person(\"Martin\", \"Maechler\", role = c(\"aut\", \"cre\"), email = \"mmaechler+Matrix@gmail.com\", comment = c(ORCID = \"0000-0002-8685-9910\")), person(\"Mikael\", \"Jagan\", role = \"aut\", comment = c(ORCID = \"0000-0002-3542-2938\")), person(\"Timothy A.\", \"Davis\", role = \"ctb\", comment = c(ORCID = \"0000-0001-7614-6899\", \"SuiteSparse libraries\", \"collaborators listed in dir(system.file(\\\"doc\\\", \\\"SuiteSparse\\\", package=\\\"Matrix\\\"), pattern=\\\"License\\\", full.names=TRUE, recursive=TRUE)\")), person(\"George\", \"Karypis\", role = \"ctb\", comment = c(ORCID = \"0000-0003-2753-1437\", \"METIS library\", \"Copyright: Regents of the University of Minnesota\")), person(\"Jason\", \"Riedy\", role = \"ctb\", comment = c(ORCID = \"0000-0002-4345-4200\", \"GNU Octave's condest() and onenormest()\", \"Copyright: Regents of the University of California\")), person(\"Jens\", \"Oehlschl\u00e4gel\", role = \"ctb\", comment = \"initial nearPD()\"), person(\"R Core Team\", role = \"ctb\", comment = c(ROR = \"02zz1nj61\", \"base R's matrix implementation\")))",
      "Depends": [
        "R (>= 4.4)",
        "methods"
      ],
      "Imports": [
        "grDevices",
        "graphics",
        "grid",
        "lattice",
        "stats",
        "utils"
      ],
      "Suggests": [
        "MASS",
        "datasets",
        "sfsmisc",
        "tools"
      ],
      "Enhances": [
        "SparseM",
        "graph"
      ],
      "LazyData": "no",
      "LazyDataNote": "not possible, since we use data/*.R and our S4 classes",
      "BuildResaveData": "no",
      "Encoding": "UTF-8",
      "NeedsCompilation": "yes",
      "Author": "Douglas Bates [aut] (<https://orcid.org/0000-0001-8316-9503>), Martin Maechler [aut, cre] (<https://orcid.org/0000-0002-8685-9910>), Mikael Jagan [aut] (<https://orcid.org/0000-0002-3542-2938>), Timothy A. Davis [ctb] (<https://orcid.org/0000-0001-7614-6899>, SuiteSparse libraries, collaborators listed in dir(system.file(\"doc\", \"SuiteSparse\", package=\"Matrix\"), pattern=\"License\", full.names=TRUE, recursive=TRUE)), George Karypis [ctb] (<https://orcid.org/0000-0003-2753-1437>, METIS library, Copyright: Regents of the University of Minnesota), Jason Riedy [ctb] (<https://orcid.org/0000-0002-4345-4200>, GNU Octave's condest() and onenormest(), Copyright: Regents of the University of California), Jens Oehlschl\u00e4gel [ctb] (initial nearPD()), R Core Team [ctb] (02zz1nj61, base R's matrix implementation)",
      "Maintainer": "Martin Maechler <mmaechler+Matrix@gmail.com>",
      "Repository": "CRAN"
    },
    "Rcpp": {
      "Package": "Rcpp",
      "Version": "1.1.1-1.1",
      "Source": "Repository",
      "Title": "Seamless R and C++ Integration",
      "Date": "2026-04-19",
      "Authors@R": "c(person(\"Dirk\", \"Eddelbuettel\", role = c(\"aut\", \"cre\"), email = \"edd@debian.org\", comment = c(ORCID = \"0000-0001-6419-907X\")), person(\"Romain\", \"Francois\", role = \"aut\", comment = c(ORCID = \"0000-0002-2444-4226\")), person(\"JJ\", \"Allaire\", role = \"aut\", comment = c(ORCID = \"0000-0003-0174-9868\")), person(\"Kevin\", \"Ushey\", role = \"aut\", comment = c(ORCID = \"0000-0003-2880-7407\")), person(\"Qiang\", \"Kou\", role = \"aut\", comment = c(ORCID = \"0000-0001-6786-5453\")), person(\"Nathan\", \"Russell\", role = \"aut\"), person(\"I\u00f1aki\", \"Ucar\", role = \"aut\", comment = c(ORCID = \"0000-0001-6403-5550\")), person(\"Doug\", \"Bates\", role = \"aut\", comment = c(ORCID = \"0000-0001-8316-9503\")), person(\"John\", \"Chambers\", role = \"aut\"))",
      "Description": "The 'Rcpp' package provides R functions as well as C++ classes which offer a seamless integration of R and C++. Many R data types and objects can be mapped back and forth to C++ equivalents which facilitates both writing of new code as well as easier integration of third-party libraries. Documentation about 'Rcpp' is provided by several vignettes included in this package, via the 'Rcpp Gallery' site at <https://gallery.rcpp.org>, the paper by Eddelbuettel and Francois (2011, <doi:10.18637/jss.v040.i08>), the book by Eddelbuettel (2013, <doi:10.1007/978-1-4614-6868-4>) and the paper by Eddelbuettel and Balamuta (2018, <doi:10.1080/00031305.2017.1375990>); see 'citation(\"Rcpp\")' for details.",
      "Depends": [
        "R (>= 3.5.0)"
      ],
      "Imports": [
        "methods",
        "utils"
      ],
      "Suggests": [
        "tinytest",
        "inline",
        "rbenchmark",
        "pkgKitten (>= 0.1.2)"
      ],
      "URL": "https://www.rcpp.org, https://dirk.eddelbuettel.com/code/rcpp.html, https://github.com/RcppCore/Rcpp",
      "License": "GPL (>= 2)",
      "BugReports": "https://github.com/RcppCore/Rcpp/issues",
      "MailingList": "rcpp-devel@lists.r-forge.r-project.org",
      "RoxygenNote": "6.1.1",
      "Encoding": "UTF-8",
      "VignetteBuilder": "Rcpp",
      "NeedsCompilation": "yes",
      "Author": "Dirk Eddelbuettel [aut, cre] (ORCID: <https://orcid.org/0000-0001-6419-907X>), Romain Francois [aut] (ORCID: <https://orcid.org/0000-0002-2444-4226>), JJ Allaire [aut] (ORCID: <https://orcid.org/0000-0003-0174-9868>), Kevin Ushey [aut] (ORCID: <https://orcid.org/0000-0003-2880-7407>), Qiang Kou [aut] (ORCID: <https://orcid.org/0000-0001-6786-5453>), Nathan Russell [aut], I\u00f1aki Ucar [aut] (ORCID: <https://orcid.org/0000-0001-6403-5550>), Doug Bates [aut] (ORCID: <https://orcid.org/0000-0001-8316-9503>), John Chambers [aut]",
      "Maintainer": "Dirk Eddelbuettel <edd@debian.org>",
      "Repository": "CRAN"
    },
    "geodata": {
      "Package": "geodata",
      "Version": "0.6-9",
      "Source": "Repository",
      "Type": "Package",
      "Title": "Access Geographic Data",
      "Date": "2026-04-03",
      "Depends": [
        "R (>= 3.5.0)",
        "terra (>= 1.6.41)"
      ],
      "Imports": [
        "rappdirs"
      ],
      "Suggests": [
        "jsonlite",
        "R.utils",
        "httr",
        "archive"
      ],
      "Encoding": "UTF-8",
      "Maintainer": "Robert J. Hijmans <r.hijmans@gmail.com>",
      "Description": "Functions for downloading of geographic data for use in spatial analysis and mapping. The package facilitates access to climate, crops, elevation, land use, soil, species occurrence, accessibility, administrative boundaries and other data.",
      "License": "GPL (>= 3)",
      "URL": "https://rspatial.github.io/geodata/",
      "BugReports": "https://github.com/rspatial/geodata/issues/",
      "Authors@R": "c( person(\"Robert J.\", \"Hijmans\", role=c(\"cre\", \"aut\"),   email=\"r.hijmans@gmail.com\", comment=c(ORCID=\"0000-0001-5872-2872\")),\t\t\t person(\"M\u00e1rcia\", \"Barbosa\", role=\"ctb\", comment=c(ORCID=\"0000-0001-8972-7713\")), person(\"Aniruddha\", \"Ghosh\", role=\"ctb\"), person(\"Alex\", \"Mandel\", role=\"ctb\"))",
      "NeedsCompilation": "no",
      "Author": "Robert J. Hijmans [cre, aut] (ORCID: <https://orcid.org/0000-0001-5872-2872>), M\u00e1rcia Barbosa [ctb] (ORCID: <https://orcid.org/0000-0001-8972-7713>), Aniruddha Ghosh [ctb], Alex Mandel [ctb]",
      "Repository": "CRAN"
    },
    "lattice": {
      "Package": "lattice",
      "Version": "0.22-7",
      "Source": "Repository",
      "Date": "2025-03-31",
      "Priority": "recommended",
      "Title": "Trellis Graphics for R",
      "Authors@R": "c(person(\"Deepayan\", \"Sarkar\", role = c(\"aut\", \"cre\"), email = \"deepayan.sarkar@r-project.org\", comment = c(ORCID = \"0000-0003-4107-1553\")), person(\"Felix\", \"Andrews\", role = \"ctb\"), person(\"Kevin\", \"Wright\", role = \"ctb\", comment = \"documentation\"), person(\"Neil\", \"Klepeis\", role = \"ctb\"), person(\"Johan\", \"Larsson\", role = \"ctb\", comment = \"miscellaneous improvements\"), person(\"Zhijian (Jason)\", \"Wen\", role = \"cph\", comment = \"filled contour code\"), person(\"Paul\", \"Murrell\", role = \"ctb\", email = \"paul@stat.auckland.ac.nz\"), person(\"Stefan\", \"Eng\", role = \"ctb\", comment = \"violin plot improvements\"), person(\"Achim\", \"Zeileis\", role = \"ctb\", comment = \"modern colors\"), person(\"Alexandre\", \"Courtiol\", role = \"ctb\", comment = \"generics for larrows, lpolygon, lrect and lsegments\") )",
      "Description": "A powerful and elegant high-level data visualization system inspired by Trellis graphics, with an emphasis on multivariate data. Lattice is sufficient for typical graphics needs, and is also flexible enough to handle most nonstandard requirements. See ?Lattice for an introduction.",
      "Depends": [
        "R (>= 4.0.0)"
      ],
      "Suggests": [
        "KernSmooth",
        "MASS",
        "latticeExtra",
        "colorspace"
      ],
      "Imports": [
        "grid",
        "grDevices",
        "graphics",
        "stats",
        "utils"
      ],
      "Enhances": [
        "chron",
        "zoo"
      ],
      "LazyLoad": "yes",
      "LazyData": "yes",
      "License": "GPL (>= 2)",
      "URL": "https://lattice.r-forge.r-project.org/",
      "BugReports": "https://github.com/deepayan/lattice/issues",
      "NeedsCompilation": "yes",
      "Author": "Deepayan Sarkar [aut, cre] (<https://orcid.org/0000-0003-4107-1553>), Felix Andrews [ctb], Kevin Wright [ctb] (documentation), Neil Klepeis [ctb], Johan Larsson [ctb] (miscellaneous improvements), Zhijian (Jason) Wen [cph] (filled contour code), Paul Murrell [ctb], Stefan Eng [ctb] (violin plot improvements), Achim Zeileis [ctb] (modern colors), Alexandre Courtiol [ctb] (generics for larrows, lpolygon, lrect and lsegments)",
      "Maintainer": "Deepayan Sarkar <deepayan.sarkar@r-project.org>",
      "Repository": "CRAN"
    },
    "mgcv": {
      "Package": "mgcv",
      "Version": "1.9-3",
      "Source": "Repository",
      "Authors@R": "person(given = \"Simon\", family = \"Wood\", role = c(\"aut\", \"cre\"), email = \"simon.wood@r-project.org\")",
      "Title": "Mixed GAM Computation Vehicle with Automatic Smoothness Estimation",
      "Description": "Generalized additive (mixed) models, some of their extensions and  other generalized ridge regression with multiple smoothing  parameter estimation by (Restricted) Marginal Likelihood,  Generalized Cross Validation and similar, or using iterated  nested Laplace approximation for fully Bayesian inference. See  Wood (2017) <doi:10.1201/9781315370279> for an overview.  Includes a gam() function, a wide variety of smoothers, 'JAGS'  support and distributions beyond the exponential family.",
      "Priority": "recommended",
      "Depends": [
        "R (>= 3.6.0)",
        "nlme (>= 3.1-64)"
      ],
      "Imports": [
        "methods",
        "stats",
        "graphics",
        "Matrix",
        "splines",
        "utils"
      ],
      "Suggests": [
        "parallel",
        "survival",
        "MASS"
      ],
      "LazyLoad": "yes",
      "ByteCompile": "yes",
      "License": "GPL (>= 2)",
      "NeedsCompilation": "yes",
      "Author": "Simon Wood [aut, cre]",
      "Maintainer": "Simon Wood <simon.wood@r-project.org>",
      "Repository": "CRAN"
    },
    "nlme": {
      "Package": "nlme",
      "Version": "3.1-168",
      "Source": "Repository",
      "Date": "2025-03-31",
      "Priority": "recommended",
      "Title": "Linear and Nonlinear Mixed Effects Models",
      "Authors@R": "c(person(\"Jos\u00e9\", \"Pinheiro\", role = \"aut\", comment = \"S version\"), person(\"Douglas\", \"Bates\", role = \"aut\", comment = \"up to 2007\"), person(\"Saikat\", \"DebRoy\", role = \"ctb\", comment = \"up to 2002\"), person(\"Deepayan\", \"Sarkar\", role = \"ctb\", comment = \"up to 2005\"), person(\"EISPACK authors\", role = \"ctb\", comment = \"src/rs.f\"), person(\"Siem\", \"Heisterkamp\", role = \"ctb\", comment = \"Author fixed sigma\"), person(\"Bert\", \"Van Willigen\",role = \"ctb\", comment = \"Programmer fixed sigma\"), person(\"Johannes\", \"Ranke\", role = \"ctb\", comment = \"varConstProp()\"), person(\"R Core Team\", email = \"R-core@R-project.org\", role = c(\"aut\", \"cre\"), comment = c(ROR = \"02zz1nj61\")))",
      "Contact": "see 'MailingList'",
      "Description": "Fit and compare Gaussian linear and nonlinear mixed-effects models.",
      "Depends": [
        "R (>= 3.6.0)"
      ],
      "Imports": [
        "graphics",
        "stats",
        "utils",
        "lattice"
      ],
      "Suggests": [
        "MASS",
        "SASmixed"
      ],
      "LazyData": "yes",
      "Encoding": "UTF-8",
      "License": "GPL (>= 2)",
      "BugReports": "https://bugs.r-project.org",
      "MailingList": "R-help@r-project.org",
      "URL": "https://svn.r-project.org/R-packages/trunk/nlme/",
      "NeedsCompilation": "yes",
      "Author": "Jos\u00e9 Pinheiro [aut] (S version), Douglas Bates [aut] (up to 2007), Saikat DebRoy [ctb] (up to 2002), Deepayan Sarkar [ctb] (up to 2005), EISPACK authors [ctb] (src/rs.f), Siem Heisterkamp [ctb] (Author fixed sigma), Bert Van Willigen [ctb] (Programmer fixed sigma), Johannes Ranke [ctb] (varConstProp()), R Core Team [aut, cre] (02zz1nj61)",
      "Maintainer": "R Core Team <R-core@R-project.org>",
      "Repository": "CRAN"
    },
    "nnet": {
      "Package": "nnet",
      "Version": "7.3-20",
      "Source": "Repository",
      "Priority": "recommended",
      "Date": "2025-01-01",
      "Depends": [
        "R (>= 3.0.0)",
        "stats",
        "utils"
      ],
      "Suggests": [
        "MASS"
      ],
      "Authors@R": "c(person(\"Brian\", \"Ripley\", role = c(\"aut\", \"cre\", \"cph\"), email = \"Brian.Ripley@R-project.org\"), person(\"William\", \"Venables\", role = \"cph\"))",
      "Description": "Software for feed-forward neural networks with a single hidden layer, and for multinomial log-linear models.",
      "Title": "Feed-Forward Neural Networks and Multinomial Log-Linear Models",
      "ByteCompile": "yes",
      "License": "GPL-2 | GPL-3",
      "URL": "http://www.stats.ox.ac.uk/pub/MASS4/",
      "NeedsCompilation": "yes",
      "Author": "Brian Ripley [aut, cre, cph], William Venables [cph]",
      "Maintainer": "Brian Ripley <Brian.Ripley@R-project.org>",
      "Repository": "CRAN"
    },
    "rappdirs": {
      "Package": "rappdirs",
      "Version": "0.3.4",
      "Source": "Repository",
      "Type": "Package",
      "Title": "Application Directories: Determine Where to Save Data, Caches, and Logs",
      "Authors@R": "c( person(\"Hadley\", \"Wickham\", , \"hadley@posit.co\", role = c(\"trl\", \"cre\", \"cph\")), person(\"Sridhar\", \"Ratnakumar\", role = \"aut\"), person(\"Trent\", \"Mick\", role = \"aut\"), person(\"ActiveState\", role = \"cph\", comment = \"R/appdir.r, R/cache.r, R/data.r, R/log.r translated from appdirs\"), person(\"Eddy\", \"Petrisor\", role = \"ctb\"), person(\"Trevor\", \"Davis\", role = c(\"trl\", \"aut\"), comment = c(ORCID = \"0000-0001-6341-4639\")), person(\"Gabor\", \"Csardi\", role = \"ctb\"), person(\"Gregory\", \"Jefferis\", role = \"ctb\"), person(\"Posit Software, PBC\", role = c(\"cph\", \"fnd\"), comment = c(ROR = \"03wc8by49\")) )",
      "Description": "An easy way to determine which directories on the users computer you should use to save data, caches and logs. A port of Python's 'Appdirs' (<https://github.com/ActiveState/appdirs>) to R.",
      "License": "MIT + file LICENSE",
      "URL": "https://rappdirs.r-lib.org, https://github.com/r-lib/rappdirs",
      "BugReports": "https://github.com/r-lib/rappdirs/issues",
      "Depends": [
        "R (>= 4.1)"
      ],
      "Suggests": [
        "covr",
        "roxygen2",
        "testthat (>= 3.2.0)",
        "withr"
      ],
      "Config/Needs/website": "tidyverse/tidytemplate",
      "Config/testthat/edition": "3",
      "Config/usethis/last-upkeep": "2025-05-05",
      "Copyright": "Original python appdirs module copyright (c) 2010 ActiveState Software Inc. R port copyright Hadley Wickham, Posit, PBC.  See file LICENSE for details.",
      "Encoding": "UTF-8",
      "RoxygenNote": "7.3.3",
      "NeedsCompilation": "yes",
      "Author": "Hadley Wickham [trl, cre, cph], Sridhar Ratnakumar [aut], Trent Mick [aut], ActiveState [cph] (R/appdir.r, R/cache.r, R/data.r, R/log.r translated from appdirs), Eddy Petrisor [ctb], Trevor Davis [trl, aut] (ORCID: <https://orcid.org/0000-0001-6341-4639>), Gabor Csardi [ctb], Gregory Jefferis [ctb], Posit Software, PBC [cph, fnd] (ROR: <https://ror.org/03wc8by49>)",
      "Maintainer": "Hadley Wickham <hadley@posit.co>",
      "Repository": "CRAN"
    },
    "renv": {
      "Package": "renv",
      "Version": "1.1.2",
      "Source": "Repository",
      "Type": "Package",
      "Title": "Project Environments",
      "Authors@R": "c( person(\"Kevin\", \"Ushey\", role = c(\"aut\", \"cre\"), email = \"kevin@rstudio.com\", comment = c(ORCID = \"0000-0003-2880-7407\")), person(\"Hadley\", \"Wickham\", role = c(\"aut\"), email = \"hadley@rstudio.com\", comment = c(ORCID = \"0000-0003-4757-117X\")), person(\"Posit Software, PBC\", role = c(\"cph\", \"fnd\")) )",
      "Description": "A dependency management toolkit for R. Using 'renv', you can create and manage project-local R libraries, save the state of these libraries to a 'lockfile', and later restore your library as required. Together, these tools can help make your projects more isolated, portable, and reproducible.",
      "License": "MIT + file LICENSE",
      "URL": "https://rstudio.github.io/renv/, https://github.com/rstudio/renv",
      "BugReports": "https://github.com/rstudio/renv/issues",
      "Imports": [
        "utils"
      ],
      "Suggests": [
        "BiocManager",
        "cli",
        "compiler",
        "covr",
        "cpp11",
        "devtools",
        "gitcreds",
        "jsonlite",
        "jsonvalidate",
        "knitr",
        "miniUI",
        "modules",
        "packrat",
        "pak",
        "R6",
        "remotes",
        "reticulate",
        "rmarkdown",
        "rstudioapi",
        "shiny",
        "testthat",
        "uuid",
        "waldo",
        "yaml",
        "webfakes"
      ],
      "Encoding": "UTF-8",
      "RoxygenNote": "7.3.2",
      "VignetteBuilder": "knitr",
      "Config/Needs/website": "tidyverse/tidytemplate",
      "Config/testthat/edition": "3",
      "Config/testthat/parallel": "true",
      "Config/testthat/start-first": "bioconductor,python,install,restore,snapshot,retrieve,remotes",
      "NeedsCompilation": "yes",
      "Author": "Kevin Ushey [aut, cre] (<https://orcid.org/0000-0003-2880-7407>), Hadley Wickham [aut] (<https://orcid.org/0000-0003-4757-117X>), Posit Software, PBC [cph, fnd]",
      "Maintainer": "Kevin Ushey <kevin@rstudio.com>",
      "Repository": "CRAN"
    },
    "rpart": {
      "Package": "rpart",
      "Version": "4.1.24",
      "Source": "Repository",
      "Priority": "recommended",
      "Date": "2025-01-06",
      "Authors@R": "c(person(\"Terry\", \"Therneau\", role = \"aut\", email = \"therneau@mayo.edu\"), person(\"Beth\", \"Atkinson\", role = c(\"aut\", \"cre\"), email = \"atkinson@mayo.edu\"), person(\"Brian\", \"Ripley\", role = \"trl\", email = \"ripley@stats.ox.ac.uk\", comment = \"producer of the initial R port, maintainer 1999-2017\"))",
      "Description": "Recursive partitioning for classification,  regression and survival trees.  An implementation of most of the  functionality of the 1984 book by Breiman, Friedman, Olshen and Stone.",
      "Title": "Recursive Partitioning and Regression Trees",
      "Depends": [
        "R (>= 2.15.0)",
        "graphics",
        "stats",
        "grDevices"
      ],
      "Suggests": [
        "survival"
      ],
      "License": "GPL-2 | GPL-3",
      "LazyData": "yes",
      "ByteCompile": "yes",
      "NeedsCompilation": "yes",
      "Author": "Terry Therneau [aut], Beth Atkinson [aut, cre], Brian Ripley [trl] (producer of the initial R port, maintainer 1999-2017)",
      "Maintainer": "Beth Atkinson <atkinson@mayo.edu>",
      "Repository": "CRAN",
      "URL": "https://github.com/bethatkinson/rpart, https://cran.r-project.org/package=rpart",
      "BugReports": "https://github.com/bethatkinson/rpart/issues"
    },
    "terra": {
      "Package": "terra",
      "Version": "1.9-27",
      "Source": "Repository",
      "Type": "Package",
      "Title": "Spatial Data Analysis",
      "Date": "2026-05-09",
      "Depends": [
        "R (>= 3.5.0)",
        "methods"
      ],
      "Suggests": [
        "parallel",
        "tinytest",
        "ncdf4",
        "sf (>= 0.9-8)",
        "deldir",
        "XML",
        "leaflet (>= 2.2.1)",
        "htmlwidgets",
        "future",
        "future.apply"
      ],
      "LinkingTo": [
        "Rcpp"
      ],
      "Imports": [
        "Rcpp (>= 1.0-10)"
      ],
      "SystemRequirements": "C++17, GDAL (>= 2.2.3), GEOS (>= 3.4.0), PROJ (>= 4.9.3), TBB, sqlite3",
      "Encoding": "UTF-8",
      "Language": "en-US",
      "Maintainer": "Robert J. Hijmans <r.hijmans@gmail.com>",
      "Description": "Methods for spatial data analysis with vector (points, lines, polygons) and raster (grid) data. Methods for vector data include geometric operations such as intersect and buffer. Raster methods include local, focal, global, zonal and geometric operations. The predict and interpolate methods facilitate the use of regression type (interpolation, machine learning) models for spatial prediction, including with satellite remote sensing data. Processing of very large files is supported. See the manual and tutorials on <https://rspatial.org/> to get started.",
      "License": "GPL (>= 3)",
      "URL": "https://rspatial.org/, https://rspatial.github.io/terra/",
      "BugReports": "https://github.com/rspatial/terra/issues",
      "LazyLoad": "yes",
      "Authors@R": "c( person(\"Robert J.\", \"Hijmans\", role=c(\"cre\", \"aut\"),   email=\"r.hijmans@gmail.com\", comment=c(ORCID=\"0000-0001-5872-2872\")),\t\t\t person(\"Andrew\", \"Brown\", role=\"aut\", comment=c(ORCID=\"0000-0002-4565-533X\")), person(\"M<U+00E1>rcia\", \"Barbosa\", role=\"aut\", comment=c(ORCID=\"0000-0001-8972-7713\")), person(\"Krzysztof\", \"Dyba\", role=\"ctb\", comment=c(ORCID=\"0000-0002-8614-3816\")), person(\"Roger\", \"Bivand\", role=\"ctb\", comment=c(ORCID=\"0000-0003-2392-6140\")), person(\"Michael\", \"Chirico\", role=\"ctb\", comment=c(ORCID=\"0000-0003-0787-087X\")), person(\"Emanuele\", \"Cordano\", role=\"ctb\",comment=c(ORCID=\"0000-0002-3508-5898\")), person(\"Edzer\", \"Pebesma\", role=\"ctb\", comment=c(ORCID=\"0000-0001-8049-7069\")), person(\"Barry\", \"Rowlingson\", role=\"ctb\", comment=c(ORCID=\"0000-0002-8586-6625\")), person(\"Michael D.\", \"Sumner\", role=\"ctb\", comment=c(ORCID=\"0000-0002-2471-7511\")))",
      "NeedsCompilation": "yes",
      "Author": "Robert J. Hijmans [cre, aut] (ORCID: <https://orcid.org/0000-0001-5872-2872>), Andrew Brown [aut] (ORCID: <https://orcid.org/0000-0002-4565-533X>), M<U+00E1>rcia Barbosa [aut] (ORCID: <https://orcid.org/0000-0001-8972-7713>), Krzysztof Dyba [ctb] (ORCID: <https://orcid.org/0000-0002-8614-3816>), Roger Bivand [ctb] (ORCID: <https://orcid.org/0000-0003-2392-6140>), Michael Chirico [ctb] (ORCID: <https://orcid.org/0000-0003-0787-087X>), Emanuele Cordano [ctb] (ORCID: <https://orcid.org/0000-0002-3508-5898>), Edzer Pebesma [ctb] (ORCID: <https://orcid.org/0000-0001-8049-7069>), Barry Rowlingson [ctb] (ORCID: <https://orcid.org/0000-0002-8586-6625>), Michael D. Sumner [ctb] (ORCID: <https://orcid.org/0000-0002-2471-7511>)",
      "Repository": "CRAN"
    }
  }
}
